
Microsoft Visual Studio Solution File, Format Version 12.00
# Visual Studio Version 17
VisualStudioVersion = 17.0.31903.59
MinimumVisualStudioVersion = 10.0.40219.1
Project("{9A19103F-16F7-4668-BE54-9A1E7A4F7556}") = "MailerFunctions", "MailerFunctions\MailerFunctions.csproj", "{6C8F460A-9E6B-4F4B-A030-C155DB5406E0}"
EndProject
Project("{9A19103F-16F7-4668-BE54-9A1E7A4F7556}") = "MailerFunctions.Vertical", "MailerFunctions.Vertical\MailerFunctions.Vertical.csproj", "{DEAB44E6-8197-437F-8963-01D36702AD93}"
EndProject
Project("{2150E333-8FDC-42A3-9474-1A3956D46DE8}") = "Tests", "Tests", "{11955F7B-FEE9-4943-9241-30633F8DBFE7}"
EndProject
Project("{FAE04EC0-301F-11D3-BF4B-00C04F79EFBC}") = "MailerFunctions.Vertical.Tests", "Tests\MailerFunctions.Vertical.Tests\MailerFunctions.Vertical.Tests.csproj", "{908335E9-1E86-4EA4-BC80-0E2D1B2E9320}"
EndProject
Global
	GlobalSection(SolutionConfigurationPlatforms) = preSolution
		Debug|Any CPU = Debug|Any CPU
		Debug|x64 = Debug|x64
		Debug|x86 = Debug|x86
		Release|Any CPU = Release|Any CPU
		Release|x64 = Release|x64
		Release|x86 = Release|x86
	EndGlobalSection
	GlobalSection(ProjectConfigurationPlatforms) = postSolution
		{6C8F460A-9E6B-4F4B-A030-C155DB5406E0}.Debug|Any CPU.ActiveCfg = Debug|Any CPU
		{6C8F460A-9E6B-4F4B-A030-C155DB5406E0}.Debug|Any CPU.Build.0 = Debug|Any CPU
		{6C8F460A-9E6B-4F4B-A030-C155DB5406E0}.Debug|x64.ActiveCfg = Debug|Any CPU
		{6C8F460A-9E6B-4F4B-A030-C155DB5406E0}.Debug|x64.Build.0 = Debug|Any CPU
		{6C8F460A-9E6B-4F4B-A030-C155DB5406E0}.Debug|x86.ActiveCfg = Debug|Any CPU
		{6C8F460A-9E6B-4F4B-A030-C155DB5406E0}.Debug|x86.Build.0 = Debug|Any CPU
		{6C8F460A-9E6B-4F4B-A030-C155DB5406E0}.Release|Any CPU.ActiveCfg = Release|Any CPU
		{6C8F460A-9E6B-4F4B-A030-C155DB5406E0}.Release|Any CPU.Build.0 = Release|Any CPU
		{6C8F460A-9E6B-4F4B-A030-C155DB5406E0}.Release|x64.ActiveCfg = Release|Any CPU
		{6C8F460A-9E6B-4F4B-A030-C155DB5406E0}.Release|x64.Build.0 = Release|Any CPU
		{6C8F460A-9E6B-4F4B-A030-C155DB5406E0}.Release|x86.ActiveCfg = Release|Any CPU
		{6C8F460A-9E6B-4F4B-A030-C155DB5406E0}.Release|x86.Build.0 = Release|Any CPU
		{DEAB44E6-8197-437F-8963-01D36702AD93}.Debug|Any CPU.ActiveCfg = Debug|Any CPU
		{DEAB44E6-8197-437F-8963-01D36702AD93}.Debug|Any CPU.Build.0 = Debug|Any CPU
		{DEAB44E6-8197-437F-8963-01D36702AD93}.Debug|x64.ActiveCfg = Debug|Any CPU
		{DEAB44E6-8197-437F-8963-01D36702AD93}.Debug|x64.Build.0 = Debug|Any CPU
		{DEAB44E6-8197-437F-8963-01D36702AD93}.Debug|x86.ActiveCfg = Debug|Any CPU
		{DEAB44E6-8197-437F-8963-01D36702AD93}.Debug|x86.Build.0 = Debug|Any CPU
		{DEAB44E6-8197-437F-8963-01D36702AD93}.Release|Any CPU.ActiveCfg = Release|Any CPU
		{DEAB44E6-8197-437F-8963-01D36702AD93}.Release|Any CPU.Build.0 = Release|Any CPU
		{DEAB44E6-8197-437F-8963-01D36702AD93}.Release|x64.ActiveCfg = Release|Any CPU
		{DEAB44E6-8197-437F-8963-01D36702AD93}.Release|x64.Build.0 = Release|Any CPU
		{DEAB44E6-8197-437F-8963-01D36702AD93}.Release|x86.ActiveCfg = Release|Any CPU
		{DEAB44E6-8197-437F-8963-01D36702AD93}.Release|x86.Build.0 = Release|Any CPU
		{908335E9-1E86-4EA4-BC80-0E2D1B2E9320}.Debug|Any CPU.ActiveCfg = Debug|Any CPU
		{908335E9-1E86-4EA4-BC80-0E2D1B2E9320}.Debug|Any CPU.Build.0 = Debug|Any CPU
		{908335E9-1E86-4EA4-BC80-0E2D1B2E9320}.Debug|x64.ActiveCfg = Debug|Any CPU
		{908335E9-1E86-4EA4-BC80-0E2D1B2E9320}.Debug|x64.Build.0 = Debug|Any CPU
		{908335E9-1E86-4EA4-BC80-0E2D1B2E9320}.Debug|x86.ActiveCfg = Debug|Any CPU
		{908335E9-1E86-4EA4-BC80-0E2D1B2E9320}.Debug|x86.Build.0 = Debug|Any CPU
		{908335E9-1E86-4EA4-BC80-0E2D1B2E9320}.Release|Any CPU.ActiveCfg = Release|Any CPU
		{908335E9-1E86-4EA4-BC80-0E2D1B2E9320}.Release|Any CPU.Build.0 = Release|Any CPU
		{908335E9-1E86-4EA4-BC80-0E2D1B2E9320}.Release|x64.ActiveCfg = Release|Any CPU
		{908335E9-1E86-4EA4-BC80-0E2D1B2E9320}.Release|x64.Build.0 = Release|Any CPU
		{908335E9-1E86-4EA4-BC80-0E2D1B2E9320}.Release|x86.ActiveCfg = Release|Any CPU
		{908335E9-1E86-4EA4-BC80-0E2D1B2E9320}.Release|x86.Build.0 = Release|Any CPU
	EndGlobalSection
	GlobalSection(SolutionProperties) = preSolution
		HideSolutionNode = FALSE
	EndGlobalSection
	GlobalSection(NestedProjects) = preSolution
		{908335E9-1E86-4EA4-BC80-0E2D1B2E9320} = {11955F7B-FEE9-4943-9241-30633F8DBFE7}
	EndGlobalSection
	GlobalSection(ExtensibilityGlobals) = postSolution
		SolutionGuid = {74407AC6-7BDB-47EB-A94C-5FE12D72CCE5}
	EndGlobalSection
EndGlobal
